
Microsoft Visual Studio Solution File, Format Version 12.00
# Visual Studio Version 17
VisualStudioVersion = 17.2.32422.2
MinimumVisualStudioVersion = 10.0.40219.1
Project("{FAE04EC0-301F-11D3-BF4B-00C04F79EFBC}") = "MauiAnimation", "MauiAnimation\MauiAnimation.csproj", "{D4DA03B0-7212-4478-AB58-F9772FC5F518}"
EndProject
Project("{FAE04EC0-301F-11D3-BF4B-00C04F79EFBC}") = "MauiAnimation.Sample", "MauiAnimation.Sample\MauiAnimation.Sample.csproj", "{BAC85A14-6536-45EC-8CFB-02690EF502AA}"
EndProject
Global
	GlobalSection(SolutionConfigurationPlatforms) = preSolution
		Debug|Any CPU = Debug|Any CPU
		Release|Any CPU = Release|Any CPU
	EndGlobalSection
	GlobalSection(ProjectConfigurationPlatforms) = postSolution
		{D4DA03B0-7212-4478-AB58-F9772FC5F518}.Debug|Any CPU.ActiveCfg = Debug|Any CPU
		{D4DA03B0-7212-4478-AB58-F9772FC5F518}.Debug|Any CPU.Build.0 = Debug|Any CPU
		{D4DA03B0-7212-4478-AB58-F9772FC5F518}.Release|Any CPU.ActiveCfg = Release|Any CPU
		{D4DA03B0-7212-4478-AB58-F9772FC5F518}.Release|Any CPU.Build.0 = Release|Any CPU
		{BAC85A14-6536-45EC-8CFB-02690EF502AA}.Debug|Any CPU.ActiveCfg = Debug|Any CPU
		{BAC85A14-6536-45EC-8CFB-02690EF502AA}.Debug|Any CPU.Build.0 = Debug|Any CPU
		{BAC85A14-6536-45EC-8CFB-02690EF502AA}.Debug|Any CPU.Deploy.0 = Debug|Any CPU
		{BAC85A14-6536-45EC-8CFB-02690EF502AA}.Release|Any CPU.ActiveCfg = Release|Any CPU
		{BAC85A14-6536-45EC-8CFB-02690EF502AA}.Release|Any CPU.Build.0 = Release|Any CPU
		{BAC85A14-6536-45EC-8CFB-02690EF502AA}.Release|Any CPU.Deploy.0 = Release|Any CPU
	EndGlobalSection
	GlobalSection(SolutionProperties) = preSolution
		HideSolutionNode = FALSE
	EndGlobalSection
	GlobalSection(ExtensibilityGlobals) = postSolution
		SolutionGuid = {F5943221-9C71-4691-A477-3B9EF93C1783}
	EndGlobalSection
EndGlobal
